// !$*UTF8*$!
{
	archiveVersion = 1;
	classes = {
	};
	objectVersion = 46;
	objects = {

/* Begin PBXBuildFile section */
		A606910B150CEC2D00D08B6E /* UIKit.framework in Frameworks */ = {isa = PBXBuildFile; fileRef = A606910A150CEC2D00D08B6E /* UIKit.framework */; };
		A606910D150CEC2D00D08B6E /* Foundation.framework in Frameworks */ = {isa = PBXBuildFile; fileRef = A606910C150CEC2D00D08B6E /* Foundation.framework */; };
		A606910F150CEC2D00D08B6E /* CoreGraphics.framework in Frameworks */ = {isa = PBXBuildFile; fileRef = A606910E150CEC2D00D08B6E /* CoreGraphics.framework */; };
		A6069111150CEC2D00D08B6E /* CoreData.framework in Frameworks */ = {isa = PBXBuildFile; fileRef = A6069110150CEC2D00D08B6E /* CoreData.framework */; };
		A6069117150CEC2D00D08B6E /* InfoPlist.strings in Resources */ = {isa = PBXBuildFile; fileRef = A6069115150CEC2D00D08B6E /* InfoPlist.strings */; };
		A6069119150CEC2D00D08B6E /* main.m in Sources */ = {isa = PBXBuildFile; fileRef = A6069118150CEC2D00D08B6E /* main.m */; };
		A606911D150CEC2D00D08B6E /* AppDelegate.m in Sources */ = {isa = PBXBuildFile; fileRef = A606911C150CEC2D00D08B6E /* AppDelegate.m */; };
		A6069120150CEC2D00D08B6E /* LuanchWhere.xcdatamodeld in Sources */ = {isa = PBXBuildFile; fileRef = A606911E150CEC2D00D08B6E /* LuanchWhere.xcdatamodeld */; };
		A6069128150CEC7700D08B6E /* ResultViewController.m in Sources */ = {isa = PBXBuildFile; fileRef = A6069127150CEC7700D08B6E /* ResultViewController.m */; };
		A606912B150CEE3D00D08B6E /* RestaurantListViewController.m in Sources */ = {isa = PBXBuildFile; fileRef = A606912A150CEE3D00D08B6E /* RestaurantListViewController.m */; };
		A6069131150CF08A00D08B6E /* Restaurant.m in Sources */ = {isa = PBXBuildFile; fileRef = A6069130150CF08A00D08B6E /* Restaurant.m */; };
		A6069134150CF71300D08B6E /* RestaurantEditViewController.m in Sources */ = {isa = PBXBuildFile; fileRef = A6069133150CF71300D08B6E /* RestaurantEditViewController.m */; };
		A60D91EA16DF28B9005496E0 /* LuckyResultViewController.m in Sources */ = {isa = PBXBuildFile; fileRef = A60D91E916DF28B9005496E0 /* LuckyResultViewController.m */; };
		A60D91EC16DF2912005496E0 /* Default-568h@2x.png in Resources */ = {isa = PBXBuildFile; fileRef = A60D91EB16DF2912005496E0 /* Default-568h@2x.png */; };
/* End PBXBuildFile section */

/* Begin PBXFileReference section */
		A6069106150CEC2D00D08B6E /* LuanchWhere.app */ = {isa = PBXFileReference; explicitFileType = wrapper.application; includeInIndex = 0; path = LuanchWhere.app; sourceTree = BUILT_PRODUCTS_DIR; };
		A606910A150CEC2D00D08B6E /* UIKit.framework */ = {isa = PBXFileReference; lastKnownFileType = wrapper.framework; name = UIKit.framework; path = System/Library/Frameworks/UIKit.framework; sourceTree = SDKROOT; };
		A606910C150CEC2D00D08B6E /* Foundation.framework */ = {isa = PBXFileReference; lastKnownFileType = wrapper.framework; name = Foundation.framework; path = System/Library/Frameworks/Foundation.framework; sourceTree = SDKROOT; };
		A606910E150CEC2D00D08B6E /* CoreGraphics.framework */ = {isa = PBXFileReference; lastKnownFileType = wrapper.framework; name = CoreGraphics.framework; path = System/Library/Frameworks/CoreGraphics.framework; sourceTree = SDKROOT; };
		A6069110150CEC2D00D08B6E /* CoreData.framework */ = {isa = PBXFileReference; lastKnownFileType = wrapper.framework; name = CoreData.framework; path = System/Library/Frameworks/CoreData.framework; sourceTree = SDKROOT; };
		A6069114150CEC2D00D08B6E /* LuanchWhere-Info.plist */ = {isa = PBXFileReference; lastKnownFileType = text.plist.xml; path = "LuanchWhere-Info.plist"; sourceTree = "<group>"; };
		A6069116150CEC2D00D08B6E /* en */ = {isa = PBXFileReference; lastKnownFileType = text.plist.strings; name = en; path = en.lproj/InfoPlist.strings; sourceTree = "<group>"; };
		A6069118150CEC2D00D08B6E /* main.m */ = {isa = PBXFileReference; lastKnownFileType = sourcecode.c.objc; path = main.m; sourceTree = "<group>"; };
		A606911A150CEC2D00D08B6E /* LuanchWhere-Prefix.pch */ = {isa = PBXFileReference; lastKnownFileType = sourcecode.c.h; path = "LuanchWhere-Prefix.pch"; sourceTree = "<group>"; };
		A606911B150CEC2D00D08B6E /* AppDelegate.h */ = {isa = PBXFileReference; lastKnownFileType = sourcecode.c.h; path = AppDelegate.h; sourceTree = "<group>"; };
		A606911C150CEC2D00D08B6E /* AppDelegate.m */ = {isa = PBXFileReference; lastKnownFileType = sourcecode.c.objc; path = AppDelegate.m; sourceTree = "<group>"; };
		A606911F150CEC2D00D08B6E /* LuanchWhere.xcdatamodel */ = {isa = PBXFileReference; lastKnownFileType = wrapper.xcdatamodel; path = LuanchWhere.xcdatamodel; sourceTree = "<group>"; };
		A6069126150CEC7700D08B6E /* ResultViewController.h */ = {isa = PBXFileReference; fileEncoding = 4; lastKnownFileType = sourcecode.c.h; path = ResultViewController.h; sourceTree = "<group>"; };
		A6069127150CEC7700D08B6E /* ResultViewController.m */ = {isa = PBXFileReference; fileEncoding = 4; lastKnownFileType = sourcecode.c.objc; path = ResultViewController.m; sourceTree = "<group>"; };
		A6069129150CEE3D00D08B6E /* RestaurantListViewController.h */ = {isa = PBXFileReference; fileEncoding = 4; lastKnownFileType = sourcecode.c.h; path = RestaurantListViewController.h; sourceTree = "<group>"; };
		A606912A150CEE3D00D08B6E /* RestaurantListViewController.m */ = {isa = PBXFileReference; fileEncoding = 4; lastKnownFileType = sourcecode.c.objc; path = RestaurantListViewController.m; sourceTree = "<group>"; };
		A606912F150CF08A00D08B6E /* Restaurant.h */ = {isa = PBXFileReference; fileEncoding = 4; lastKnownFileType = sourcecode.c.h; path = Restaurant.h; sourceTree = "<group>"; };
		A6069130150CF08A00D08B6E /* Restaurant.m */ = {isa = PBXFileReference; fileEncoding = 4; lastKnownFileType = sourcecode.c.objc; path = Restaurant.m; sourceTree = "<group>"; };
		A6069132150CF71300D08B6E /* RestaurantEditViewController.h */ = {isa = PBXFileReference; fileEncoding = 4; lastKnownFileType = sourcecode.c.h; path = RestaurantEditViewController.h; sourceTree = "<group>"; };
		A6069133150CF71300D08B6E /* RestaurantEditViewController.m */ = {isa = PBXFileReference; fileEncoding = 4; lastKnownFileType = sourcecode.c.objc; path = RestaurantEditViewController.m; sourceTree = "<group>"; };
		A60D91E816DF28B9005496E0 /* LuckyResultViewController.h */ = {isa = PBXFileReference; fileEncoding = 4; lastKnownFileType = sourcecode.c.h; path = LuckyResultViewController.h; sourceTree = "<group>"; };
		A60D91E916DF28B9005496E0 /* LuckyResultViewController.m */ = {isa = PBXFileReference; fileEncoding = 4; lastKnownFileType = sourcecode.c.objc; path = LuckyResultViewController.m; sourceTree = "<group>"; };
		A60D91EB16DF2912005496E0 /* Default-568h@2x.png */ = {isa = PBXFileReference; lastKnownFileType = image.png; path = "Default-568h@2x.png"; sourceTree = "<group>"; };
/* End PBXFileReference section */

/* Begin PBXFrameworksBuildPhase section */
		A6069103150CEC2D00D08B6E /* Frameworks */ = {
			isa = PBXFrameworksBuildPhase;
			buildActionMask = 2147483647;
			files = (
				A606910B150CEC2D00D08B6E /* UIKit.framework in Frameworks */,
				A606910D150CEC2D00D08B6E /* Foundation.framework in Frameworks */,
				A606910F150CEC2D00D08B6E /* CoreGraphics.framework in Frameworks */,
				A6069111150CEC2D00D08B6E /* CoreData.framework in Frameworks */,
			);
			runOnlyForDeploymentPostprocessing = 0;
		};
/* End PBXFrameworksBuildPhase section */

/* Begin PBXGroup section */
		A60690FB150CEC2C00D08B6E = {
			isa = PBXGroup;
			children = (
				A60D91EB16DF2912005496E0 /* Default-568h@2x.png */,
				A6069112150CEC2D00D08B6E /* LuanchWhere */,
				A6069109150CEC2D00D08B6E /* Frameworks */,
				A6069107150CEC2D00D08B6E /* Products */,
			);
			sourceTree = "<group>";
		};
		A6069107150CEC2D00D08B6E /* Products */ = {
			isa = PBXGroup;
			children = (
				A6069106150CEC2D00D08B6E /* LuanchWhere.app */,
			);
			name = Products;
			sourceTree = "<group>";
		};
		A6069109150CEC2D00D08B6E /* Frameworks */ = {
			isa = PBXGroup;
			children = (
				A606910A150CEC2D00D08B6E /* UIKit.framework */,
				A606910C150CEC2D00D08B6E /* Foundation.framework */,
				A606910E150CEC2D00D08B6E /* CoreGraphics.framework */,
				A6069110150CEC2D00D08B6E /* CoreData.framework */,
			);
			name = Frameworks;
			sourceTree = "<group>";
		};
		A6069112150CEC2D00D08B6E /* LuanchWhere */ = {
			isa = PBXGroup;
			children = (
				A606911B150CEC2D00D08B6E /* AppDelegate.h */,
				A606911C150CEC2D00D08B6E /* AppDelegate.m */,
				A606911E150CEC2D00D08B6E /* LuanchWhere.xcdatamodeld */,
				A606912F150CF08A00D08B6E /* Restaurant.h */,
				A6069130150CF08A00D08B6E /* Restaurant.m */,
				A6069113150CEC2D00D08B6E /* Supporting Files */,
				A6069126150CEC7700D08B6E /* ResultViewController.h */,
				A6069127150CEC7700D08B6E /* ResultViewController.m */,
				A6069129150CEE3D00D08B6E /* RestaurantListViewController.h */,
				A606912A150CEE3D00D08B6E /* RestaurantListViewController.m */,
				A6069132150CF71300D08B6E /* RestaurantEditViewController.h */,
				A6069133150CF71300D08B6E /* RestaurantEditViewController.m */,
				A60D91E816DF28B9005496E0 /* LuckyResultViewController.h */,
				A60D91E916DF28B9005496E0 /* LuckyResultViewController.m */,
			);
			path = LuanchWhere;
			sourceTree = "<group>";
		};
		A6069113150CEC2D00D08B6E /* Supporting Files */ = {
			isa = PBXGroup;
			children = (
				A6069114150CEC2D00D08B6E /* LuanchWhere-Info.plist */,
				A6069115150CEC2D00D08B6E /* InfoPlist.strings */,
				A6069118150CEC2D00D08B6E /* main.m */,
				A606911A150CEC2D00D08B6E /* LuanchWhere-Prefix.pch */,
			);
			name = "Supporting Files";
			sourceTree = "<group>";
		};
/* End PBXGroup section */

/* Begin PBXNativeTarget section */
		A6069105150CEC2D00D08B6E /* LuanchWhere */ = {
			isa = PBXNativeTarget;
			buildConfigurationList = A6069123150CEC2D00D08B6E /* Build configuration list for PBXNativeTarget "LuanchWhere" */;
			buildPhases = (
				A6069102150CEC2D00D08B6E /* Sources */,
				A6069103150CEC2D00D08B6E /* Frameworks */,
				A6069104150CEC2D00D08B6E /* Resources */,
			);
			buildRules = (
			);
			dependencies = (
			);
			name = LuanchWhere;
			productName = LuanchWhere;
			productReference = A6069106150CEC2D00D08B6E /* LuanchWhere.app */;
			productType = "com.apple.product-type.application";
		};
/* End PBXNativeTarget section */

/* Begin PBXProject section */
		A60690FD150CEC2C00D08B6E /* Project object */ = {
			isa = PBXProject;
			attributes = {
				LastUpgradeCheck = 0420;
				TargetAttributes = {
					A6069105150CEC2D00D08B6E = {
						DevelopmentTeam = T3ZLXP4K5B;
					};
				};
			};
			buildConfigurationList = A6069100150CEC2C00D08B6E /* Build configuration list for PBXProject "LuanchWhere" */;
			compatibilityVersion = "Xcode 3.2";
			developmentRegion = English;
			hasScannedForEncodings = 0;
			knownRegions = (
				en,
			);
			mainGroup = A60690FB150CEC2C00D08B6E;
			productRefGroup = A6069107150CEC2D00D08B6E /* Products */;
			projectDirPath = "";
			projectRoot = "";
			targets = (
				A6069105150CEC2D00D08B6E /* LuanchWhere */,
			);
		};
/* End PBXProject section */

/* Begin PBXResourcesBuildPhase section */
		A6069104150CEC2D00D08B6E /* Resources */ = {
			isa = PBXResourcesBuildPhase;
			buildActionMask = 2147483647;
			files = (
				A6069117150CEC2D00D08B6E /* InfoPlist.strings in Resources */,
				A60D91EC16DF2912005496E0 /* Default-568h@2x.png in Resources */,
			);
			runOnlyForDeploymentPostprocessing = 0;
		};
/* End PBXResourcesBuildPhase section */

/* Begin PBXSourcesBuildPhase section */
		A6069102150CEC2D00D08B6E /* Sources */ = {
			isa = PBXSourcesBuildPhase;
			buildActionMask = 2147483647;
			files = (
				A6069119150CEC2D00D08B6E /* main.m in Sources */,
				A606911D150CEC2D00D08B6E /* AppDelegate.m in Sources */,
				A6069120150CEC2D00D08B6E /* LuanchWhere.xcdatamodeld in Sources */,
				A6069128150CEC7700D08B6E /* ResultViewController.m in Sources */,
				A606912B150CEE3D00D08B6E /* RestaurantListViewController.m in Sources */,
				A6069131150CF08A00D08B6E /* Restaurant.m in Sources */,
				A6069134150CF71300D08B6E /* RestaurantEditViewController.m in Sources */,
				A60D91EA16DF28B9005496E0 /* LuckyResultViewController.m in Sources */,
			);
			runOnlyForDeploymentPostprocessing = 0;
		};
/* End PBXSourcesBuildPhase section */

/* Begin PBXVariantGroup section */
		A6069115150CEC2D00D08B6E /* InfoPlist.strings */ = {
			isa = PBXVariantGroup;
			children = (
				A6069116150CEC2D00D08B6E /* en */,
			);
			name = InfoPlist.strings;
			sourceTree = "<group>";
		};
/* End PBXVariantGroup section */

/* Begin XCBuildConfiguration section */
		A6069121150CEC2D00D08B6E /* Debug */ = {
			isa = XCBuildConfiguration;
			buildSettings = {
				ALWAYS_SEARCH_USER_PATHS = NO;
				ARCHS = "$(ARCHS_STANDARD_32_BIT)";
				"CODE_SIGN_IDENTITY[sdk=iphoneos*]" = "iPhone Developer";
				COPY_PHASE_STRIP = NO;
				GCC_C_LANGUAGE_STANDARD = gnu99;
				GCC_DYNAMIC_NO_PIC = NO;
				GCC_OPTIMIZATION_LEVEL = 0;
				GCC_PREPROCESSOR_DEFINITIONS = (
					"DEBUG=1",
					"$(inherited)",
				);
				GCC_SYMBOLS_PRIVATE_EXTERN = NO;
				GCC_VERSION = com.apple.compilers.llvm.clang.1_0;
				GCC_WARN_ABOUT_MISSING_PROTOTYPES = YES;
				GCC_WARN_ABOUT_RETURN_TYPE = YES;
				GCC_WARN_UNUSED_VARIABLE = YES;
				IPHONEOS_DEPLOYMENT_TARGET = 5.0;
				SDKROOT = iphoneos;
				TARGETED_DEVICE_FAMILY = "1,2";
			};
			name = Debug;
		};
		A6069122150CEC2D00D08B6E /* Release */ = {
			isa = XCBuildConfiguration;
			buildSettings = {
				ALWAYS_SEARCH_USER_PATHS = NO;
				ARCHS = "$(ARCHS_STANDARD_32_BIT)";
				"CODE_SIGN_IDENTITY[sdk=iphoneos*]" = "iPhone Developer";
				COPY_PHASE_STRIP = YES;
				GCC_C_LANGUAGE_STANDARD = gnu99;
				GCC_VERSION = com.apple.compilers.llvm.clang.1_0;
				GCC_WARN_ABOUT_MISSING_PROTOTYPES = YES;
				GCC_WARN_ABOUT_RETURN_TYPE = YES;
				GCC_WARN_UNUSED_VARIABLE = YES;
				IPHONEOS_DEPLOYMENT_TARGET = 5.0;
				OTHER_CFLAGS = "-DNS_BLOCK_ASSERTIONS=1";
				SDKROOT = iphoneos;
				TARGETED_DEVICE_FAMILY = "1,2";
				VALIDATE_PRODUCT = YES;
			};
			name = Release;
		};
		A6069124150CEC2D00D08B6E /* Debug */ = {
			isa = XCBuildConfiguration;
			buildSettings = {
				CLANG_ENABLE_OBJC_ARC = YES;
				CODE_SIGN_IDENTITY = "iPhone Developer";
				"CODE_SIGN_IDENTITY[sdk=iphoneos*]" = "iPhone Developer";
				GCC_PRECOMPILE_PREFIX_HEADER = YES;
				GCC_PREFIX_HEADER = "LuanchWhere/LuanchWhere-Prefix.pch";
				INFOPLIST_FILE = "LuanchWhere/LuanchWhere-Info.plist";
				PRODUCT_NAME = "$(TARGET_NAME)";
				PROVISIONING_PROFILE = "";
				"PROVISIONING_PROFILE[sdk=iphoneos*]" = "";
				WRAPPER_EXTENSION = app;
			};
			name = Debug;
		};
		A6069125150CEC2D00D08B6E /* Release */ = {
			isa = XCBuildConfiguration;
			buildSettings = {
				CLANG_ENABLE_OBJC_ARC = YES;
				CODE_SIGN_IDENTITY = "iPhone Developer";
				"CODE_SIGN_IDENTITY[sdk=iphoneos*]" = "iPhone Developer";
				GCC_PRECOMPILE_PREFIX_HEADER = YES;
				GCC_PREFIX_HEADER = "LuanchWhere/LuanchWhere-Prefix.pch";
				INFOPLIST_FILE = "LuanchWhere/LuanchWhere-Info.plist";
				PRODUCT_NAME = "$(TARGET_NAME)";
				PROVISIONING_PROFILE = "";
				WRAPPER_EXTENSION = app;
			};
			name = Release;
		};
/* End XCBuildConfiguration section */

/* Begin XCConfigurationList section */
		A6069100150CEC2C00D08B6E /* Build configuration list for PBXProject "LuanchWhere" */ = {
			isa = XCConfigurationList;
			buildConfigurations = (
				A6069121150CEC2D00D08B6E /* Debug */,
				A6069122150CEC2D00D08B6E /* Release */,
			);
			defaultConfigurationIsVisible = 0;
			defaultConfigurationName = Release;
		};
		A6069123150CEC2D00D08B6E /* Build configuration list for PBXNativeTarget "LuanchWhere" */ = {
			isa = XCConfigurationList;
			buildConfigurations = (
				A6069124150CEC2D00D08B6E /* Debug */,
				A6069125150CEC2D00D08B6E /* Release */,
			);
			defaultConfigurationIsVisible = 0;
			defaultConfigurationName = Release;
		};
/* End XCConfigurationList section */

/* Begin XCVersionGroup section */
		A606911E150CEC2D00D08B6E /* LuanchWhere.xcdatamodeld */ = {
			isa = XCVersionGroup;
			children = (
				A606911F150CEC2D00D08B6E /* LuanchWhere.xcdatamodel */,
			);
			currentVersion = A606911F150CEC2D00D08B6E /* LuanchWhere.xcdatamodel */;
			path = LuanchWhere.xcdatamodeld;
			sourceTree = "<group>";
			versionGroupType = wrapper.xcdatamodel;
		};
/* End XCVersionGroup section */
	};
	rootObject = A60690FD150CEC2C00D08B6E /* Project object */;
}
